// !$*UTF8*$!
{
	archiveVersion = 1;
	classes = {
	};
	objectVersion = 56;
	objects = {

/* Begin PBXBuildFile section */
		714A0A0729CE6D22003DC980 /* GetFactApp.swift in Sources */ = {isa = PBXBuildFile; fileRef = 714A0A0629CE6D22003DC980 /* GetFactApp.swift */; };
		714A0A0929CE6D22003DC980 /* ContentView.swift in Sources */ = {isa = PBXBuildFile; fileRef = 714A0A0829CE6D22003DC980 /* ContentView.swift */; };
		714A0A0B29CE6D23003DC980 /* Assets.xcassets in Resources */ = {isa = PBXBuildFile; fileRef = 714A0A0A29CE6D23003DC980 /* Assets.xcassets */; };
		714A0A0E29CE6D23003DC980 /* Preview Assets.xcassets in Resources */ = {isa = PBXBuildFile; fileRef = 714A0A0D29CE6D23003DC980 /* Preview Assets.xcassets */; };
		714A0A1729CE70B0003DC980 /* Call.swift in Sources */ = {isa = PBXBuildFile; fileRef = 714A0A1629CE70B0003DC980 /* Call.swift */; };
		714A0A1929CE70DB003DC980 /* HTTPMethod.swift in Sources */ = {isa = PBXBuildFile; fileRef = 714A0A1829CE70DB003DC980 /* HTTPMethod.swift */; };
		714A0A1B29CE7449003DC980 /* HTTPError.swift in Sources */ = {isa = PBXBuildFile; fileRef = 714A0A1A29CE7449003DC980 /* HTTPError.swift */; };
		714A0A1D29CE7526003DC980 /* APIClient.swift in Sources */ = {isa = PBXBuildFile; fileRef = 714A0A1C29CE7526003DC980 /* APIClient.swift */; };
		714A0A2029CE7A93003DC980 /* Fact.swift in Sources */ = {isa = PBXBuildFile; fileRef = 714A0A1F29CE7A93003DC980 /* Fact.swift */; };
		714A0A2229CE7AFC003DC980 /* FactServiceProtocol.swift in Sources */ = {isa = PBXBuildFile; fileRef = 714A0A2129CE7AFC003DC980 /* FactServiceProtocol.swift */; };
		714A0A2429CE7B5C003DC980 /* FactCall.swift in Sources */ = {isa = PBXBuildFile; fileRef = 714A0A2329CE7B5C003DC980 /* FactCall.swift */; };
		714A0A2629CE7B8B003DC980 /* FactService.swift in Sources */ = {isa = PBXBuildFile; fileRef = 714A0A2529CE7B8B003DC980 /* FactService.swift */; };
/* End PBXBuildFile section */

/* Begin PBXFileReference section */
		714A0A0329CE6D22003DC980 /* GetFact.app */ = {isa = PBXFileReference; explicitFileType = wrapper.application; includeInIndex = 0; path = GetFact.app; sourceTree = BUILT_PRODUCTS_DIR; };
		714A0A0629CE6D22003DC980 /* GetFactApp.swift */ = {isa = PBXFileReference; lastKnownFileType = sourcecode.swift; path = GetFactApp.swift; sourceTree = "<group>"; };
		714A0A0829CE6D22003DC980 /* ContentView.swift */ = {isa = PBXFileReference; lastKnownFileType = sourcecode.swift; path = ContentView.swift; sourceTree = "<group>"; };
		714A0A0A29CE6D23003DC980 /* Assets.xcassets */ = {isa = PBXFileReference; lastKnownFileType = folder.assetcatalog; path = Assets.xcassets; sourceTree = "<group>"; };
		714A0A0D29CE6D23003DC980 /* Preview Assets.xcassets */ = {isa = PBXFileReference; lastKnownFileType = folder.assetcatalog; path = "Preview Assets.xcassets"; sourceTree = "<group>"; };
		714A0A1629CE70B0003DC980 /* Call.swift */ = {isa = PBXFileReference; lastKnownFileType = sourcecode.swift; path = Call.swift; sourceTree = "<group>"; };
		714A0A1829CE70DB003DC980 /* HTTPMethod.swift */ = {isa = PBXFileReference; lastKnownFileType = sourcecode.swift; path = HTTPMethod.swift; sourceTree = "<group>"; };
		714A0A1A29CE7449003DC980 /* HTTPError.swift */ = {isa = PBXFileReference; lastKnownFileType = sourcecode.swift; path = HTTPError.swift; sourceTree = "<group>"; };
		714A0A1C29CE7526003DC980 /* APIClient.swift */ = {isa = PBXFileReference; lastKnownFileType = sourcecode.swift; path = APIClient.swift; sourceTree = "<group>"; };
		714A0A1F29CE7A93003DC980 /* Fact.swift */ = {isa = PBXFileReference; lastKnownFileType = sourcecode.swift; path = Fact.swift; sourceTree = "<group>"; };
		714A0A2129CE7AFC003DC980 /* FactServiceProtocol.swift */ = {isa = PBXFileReference; lastKnownFileType = sourcecode.swift; path = FactServiceProtocol.swift; sourceTree = "<group>"; };
		714A0A2329CE7B5C003DC980 /* FactCall.swift */ = {isa = PBXFileReference; lastKnownFileType = sourcecode.swift; path = FactCall.swift; sourceTree = "<group>"; };
		714A0A2529CE7B8B003DC980 /* FactService.swift */ = {isa = PBXFileReference; lastKnownFileType = sourcecode.swift; path = FactService.swift; sourceTree = "<group>"; };
/* End PBXFileReference section */

/* Begin PBXFrameworksBuildPhase section */
		714A0A0029CE6D22003DC980 /* Frameworks */ = {
			isa = PBXFrameworksBuildPhase;
			buildActionMask = 2147483647;
			files = (
			);
			runOnlyForDeploymentPostprocessing = 0;
		};
/* End PBXFrameworksBuildPhase section */

/* Begin PBXGroup section */
		714A09FA29CE6D22003DC980 = {
			isa = PBXGroup;
			children = (
				714A0A0529CE6D22003DC980 /* GetFact */,
				714A0A0429CE6D22003DC980 /* Products */,
			);
			sourceTree = "<group>";
		};
		714A0A0429CE6D22003DC980 /* Products */ = {
			isa = PBXGroup;
			children = (
				714A0A0329CE6D22003DC980 /* GetFact.app */,
			);
			name = Products;
			sourceTree = "<group>";
		};
		714A0A0529CE6D22003DC980 /* GetFact */ = {
			isa = PBXGroup;
			children = (
				714A0A1E29CE7A28003DC980 /* Service */,
				714A0A1529CE6E9D003DC980 /* Model */,
				714A0A1429CE6D98003DC980 /* Network */,
				714A0A0629CE6D22003DC980 /* GetFactApp.swift */,
				714A0A0829CE6D22003DC980 /* ContentView.swift */,
				714A0A0A29CE6D23003DC980 /* Assets.xcassets */,
				714A0A0C29CE6D23003DC980 /* Preview Content */,
			);
			path = GetFact;
			sourceTree = "<group>";
		};
		714A0A0C29CE6D23003DC980 /* Preview Content */ = {
			isa = PBXGroup;
			children = (
				714A0A0D29CE6D23003DC980 /* Preview Assets.xcassets */,
			);
			path = "Preview Content";
			sourceTree = "<group>";
		};
		714A0A1429CE6D98003DC980 /* Network */ = {
			isa = PBXGroup;
			children = (
				714A0A1629CE70B0003DC980 /* Call.swift */,
				714A0A1829CE70DB003DC980 /* HTTPMethod.swift */,
				714A0A1A29CE7449003DC980 /* HTTPError.swift */,
				714A0A1C29CE7526003DC980 /* APIClient.swift */,
			);
			path = Network;
			sourceTree = "<group>";
		};
		714A0A1529CE6E9D003DC980 /* Model */ = {
			isa = PBXGroup;
			children = (
				714A0A1F29CE7A93003DC980 /* Fact.swift */,
			);
			path = Model;
			sourceTree = "<group>";
		};
		714A0A1E29CE7A28003DC980 /* Service */ = {
			isa = PBXGroup;
			children = (
				714A0A2129CE7AFC003DC980 /* FactServiceProtocol.swift */,
				714A0A2329CE7B5C003DC980 /* FactCall.swift */,
				714A0A2529CE7B8B003DC980 /* FactService.swift */,
			);
			path = Service;
			sourceTree = "<group>";
		};
/* End PBXGroup section */

/* Begin PBXNativeTarget section */
		714A0A0229CE6D22003DC980 /* GetFact */ = {
			isa = PBXNativeTarget;
			buildConfigurationList = 714A0A1129CE6D23003DC980 /* Build configuration list for PBXNativeTarget "GetFact" */;
			buildPhases = (
				714A09FF29CE6D22003DC980 /* Sources */,
				714A0A0029CE6D22003DC980 /* Frameworks */,
				714A0A0129CE6D22003DC980 /* Resources */,
			);
			buildRules = (
			);
			dependencies = (
			);
			name = GetFact;
			productName = GetFact;
			productReference = 714A0A0329CE6D22003DC980 /* GetFact.app */;
			productType = "com.apple.product-type.application";
		};
/* End PBXNativeTarget section */

/* Begin PBXProject section */
		714A09FB29CE6D22003DC980 /* Project object */ = {
			isa = PBXProject;
			attributes = {
				BuildIndependentTargetsInParallel = 1;
				LastSwiftUpdateCheck = 1420;
				LastUpgradeCheck = 1420;
				TargetAttributes = {
					714A0A0229CE6D22003DC980 = {
						CreatedOnToolsVersion = 14.2;
					};
				};
			};
			buildConfigurationList = 714A09FE29CE6D22003DC980 /* Build configuration list for PBXProject "GetFact" */;
			compatibilityVersion = "Xcode 14.0";
			developmentRegion = en;
			hasScannedForEncodings = 0;
			knownRegions = (
				en,
				Base,
			);
			mainGroup = 714A09FA29CE6D22003DC980;
			productRefGroup = 714A0A0429CE6D22003DC980 /* Products */;
			projectDirPath = "";
			projectRoot = "";
			targets = (
				714A0A0229CE6D22003DC980 /* GetFact */,
			);
		};
/* End PBXProject section */

/* Begin PBXResourcesBuildPhase section */
		714A0A0129CE6D22003DC980 /* Resources */ = {
			isa = PBXResourcesBuildPhase;
			buildActionMask = 2147483647;
			files = (
				714A0A0E29CE6D23003DC980 /* Preview Assets.xcassets in Resources */,
				714A0A0B29CE6D23003DC980 /* Assets.xcassets in Resources */,
			);
			runOnlyForDeploymentPostprocessing = 0;
		};
/* End PBXResourcesBuildPhase section */

/* Begin PBXSourcesBuildPhase section */
		714A09FF29CE6D22003DC980 /* Sources */ = {
			isa = PBXSourcesBuildPhase;
			buildActionMask = 2147483647;
			files = (
				714A0A1929CE70DB003DC980 /* HTTPMethod.swift in Sources */,
				714A0A2629CE7B8B003DC980 /* FactService.swift in Sources */,
				714A0A0929CE6D22003DC980 /* ContentView.swift in Sources */,
				714A0A1729CE70B0003DC980 /* Call.swift in Sources */,
				714A0A2429CE7B5C003DC980 /* FactCall.swift in Sources */,
				714A0A1B29CE7449003DC980 /* HTTPError.swift in Sources */,
				714A0A2029CE7A93003DC980 /* Fact.swift in Sources */,
				714A0A2229CE7AFC003DC980 /* FactServiceProtocol.swift in Sources */,
				714A0A0729CE6D22003DC980 /* GetFactApp.swift in Sources */,
				714A0A1D29CE7526003DC980 /* APIClient.swift in Sources */,
			);
			runOnlyForDeploymentPostprocessing = 0;
		};
/* End PBXSourcesBuildPhase section */

/* Begin XCBuildConfiguration section */
		714A0A0F29CE6D23003DC980 /* Debug */ = {
			isa = XCBuildConfiguration;
			buildSettings = {
				ALWAYS_SEARCH_USER_PATHS = NO;
				CLANG_ANALYZER_NONNULL = YES;
				CLANG_ANALYZER_NUMBER_OBJECT_CONVERSION = YES_AGGRESSIVE;
				CLANG_CXX_LANGUAGE_STANDARD = "gnu++20";
				CLANG_ENABLE_MODULES = YES;
				CLANG_ENABLE_OBJC_ARC = YES;
				CLANG_ENABLE_OBJC_WEAK = YES;
				CLANG_WARN_BLOCK_CAPTURE_AUTORELEASING = YES;
				CLANG_WARN_BOOL_CONVERSION = YES;
				CLANG_WARN_COMMA = YES;
				CLANG_WARN_CONSTANT_CONVERSION = YES;
				CLANG_WARN_DEPRECATED_OBJC_IMPLEMENTATIONS = YES;
				CLANG_WARN_DIRECT_OBJC_ISA_USAGE = YES_ERROR;
				CLANG_WARN_DOCUMENTATION_COMMENTS = YES;
				CLANG_WARN_EMPTY_BODY = YES;
				CLANG_WARN_ENUM_CONVERSION = YES;
				CLANG_WARN_INFINITE_RECURSION = YES;
				CLANG_WARN_INT_CONVERSION = YES;
				CLANG_WARN_NON_LITERAL_NULL_CONVERSION = YES;
				CLANG_WARN_OBJC_IMPLICIT_RETAIN_SELF = YES;
				CLANG_WARN_OBJC_LITERAL_CONVERSION = YES;
				CLANG_WARN_OBJC_ROOT_CLASS = YES_ERROR;
				CLANG_WARN_QUOTED_INCLUDE_IN_FRAMEWORK_HEADER = YES;
				CLANG_WARN_RANGE_LOOP_ANALYSIS = YES;
				CLANG_WARN_STRICT_PROTOTYPES = YES;
				CLANG_WARN_SUSPICIOUS_MOVE = YES;
				CLANG_WARN_UNGUARDED_AVAILABILITY = YES_AGGRESSIVE;
				CLANG_WARN_UNREACHABLE_CODE = YES;
				CLANG_WARN__DUPLICATE_METHOD_MATCH = YES;
				COPY_PHASE_STRIP = NO;
				DEBUG_INFORMATION_FORMAT = dwarf;
				ENABLE_STRICT_OBJC_MSGSEND = YES;
				ENABLE_TESTABILITY = YES;
				GCC_C_LANGUAGE_STANDARD = gnu11;
				GCC_DYNAMIC_NO_PIC = NO;
				GCC_NO_COMMON_BLOCKS = YES;
				GCC_OPTIMIZATION_LEVEL = 0;
				GCC_PREPROCESSOR_DEFINITIONS = (
					"DEBUG=1",
					"$(inherited)",
				);
				GCC_WARN_64_TO_32_BIT_CONVERSION = YES;
				GCC_WARN_ABOUT_RETURN_TYPE = YES_ERROR;
				GCC_WARN_UNDECLARED_SELECTOR = YES;
				GCC_WARN_UNINITIALIZED_AUTOS = YES_AGGRESSIVE;
				GCC_WARN_UNUSED_FUNCTION = YES;
				GCC_WARN_UNUSED_VARIABLE = YES;
				IPHONEOS_DEPLOYMENT_TARGET = 16.2;
				MTL_ENABLE_DEBUG_INFO = INCLUDE_SOURCE;
				MTL_FAST_MATH = YES;
				ONLY_ACTIVE_ARCH = YES;
				SDKROOT = iphoneos;
				SWIFT_ACTIVE_COMPILATION_CONDITIONS = DEBUG;
				SWIFT_OPTIMIZATION_LEVEL = "-Onone";
			};
			name = Debug;
		};
		714A0A1029CE6D23003DC980 /* Release */ = {
			isa = XCBuildConfiguration;
			buildSettings = {
				ALWAYS_SEARCH_USER_PATHS = NO;
				CLANG_ANALYZER_NONNULL = YES;
				CLANG_ANALYZER_NUMBER_OBJECT_CONVERSION = YES_AGGRESSIVE;
				CLANG_CXX_LANGUAGE_STANDARD = "gnu++20";
				CLANG_ENABLE_MODULES = YES;
				CLANG_ENABLE_OBJC_ARC = YES;
				CLANG_ENABLE_OBJC_WEAK = YES;
				CLANG_WARN_BLOCK_CAPTURE_AUTORELEASING = YES;
				CLANG_WARN_BOOL_CONVERSION = YES;
				CLANG_WARN_COMMA = YES;
				CLANG_WARN_CONSTANT_CONVERSION = YES;
				CLANG_WARN_DEPRECATED_OBJC_IMPLEMENTATIONS = YES;
				CLANG_WARN_DIRECT_OBJC_ISA_USAGE = YES_ERROR;
				CLANG_WARN_DOCUMENTATION_COMMENTS = YES;
				CLANG_WARN_EMPTY_BODY = YES;
				CLANG_WARN_ENUM_CONVERSION = YES;
				CLANG_WARN_INFINITE_RECURSION = YES;
				CLANG_WARN_INT_CONVERSION = YES;
				CLANG_WARN_NON_LITERAL_NULL_CONVERSION = YES;
				CLANG_WARN_OBJC_IMPLICIT_RETAIN_SELF = YES;
				CLANG_WARN_OBJC_LITERAL_CONVERSION = YES;
				CLANG_WARN_OBJC_ROOT_CLASS = YES_ERROR;
				CLANG_WARN_QUOTED_INCLUDE_IN_FRAMEWORK_HEADER = YES;
				CLANG_WARN_RANGE_LOOP_ANALYSIS = YES;
				CLANG_WARN_STRICT_PROTOTYPES = YES;
				CLANG_WARN_SUSPICIOUS_MOVE = YES;
				CLANG_WARN_UNGUARDED_AVAILABILITY = YES_AGGRESSIVE;
				CLANG_WARN_UNREACHABLE_CODE = YES;
				CLANG_WARN__DUPLICATE_METHOD_MATCH = YES;
				COPY_PHASE_STRIP = NO;
				DEBUG_INFORMATION_FORMAT = "dwarf-with-dsym";
				ENABLE_NS_ASSERTIONS = NO;
				ENABLE_STRICT_OBJC_MSGSEND = YES;
				GCC_C_LANGUAGE_STANDARD = gnu11;
				GCC_NO_COMMON_BLOCKS = YES;
				GCC_WARN_64_TO_32_BIT_CONVERSION = YES;
				GCC_WARN_ABOUT_RETURN_TYPE = YES_ERROR;
				GCC_WARN_UNDECLARED_SELECTOR = YES;
				GCC_WARN_UNINITIALIZED_AUTOS = YES_AGGRESSIVE;
				GCC_WARN_UNUSED_FUNCTION = YES;
				GCC_WARN_UNUSED_VARIABLE = YES;
				IPHONEOS_DEPLOYMENT_TARGET = 16.2;
				MTL_ENABLE_DEBUG_INFO = NO;
				MTL_FAST_MATH = YES;
				SDKROOT = iphoneos;
				SWIFT_COMPILATION_MODE = wholemodule;
				SWIFT_OPTIMIZATION_LEVEL = "-O";
				VALIDATE_PRODUCT = YES;
			};
			name = Release;
		};
		714A0A1229CE6D23003DC980 /* Debug */ = {
			isa = XCBuildConfiguration;
			buildSettings = {
				ASSETCATALOG_COMPILER_APPICON_NAME = AppIcon;
				ASSETCATALOG_COMPILER_GLOBAL_ACCENT_COLOR_NAME = AccentColor;
				CODE_SIGN_STYLE = Automatic;
				CURRENT_PROJECT_VERSION = 1;
				DEVELOPMENT_ASSET_PATHS = "\"GetFact/Preview Content\"";
				DEVELOPMENT_TEAM = 7UZH6B548Y;
				ENABLE_PREVIEWS = YES;
				GENERATE_INFOPLIST_FILE = YES;
				INFOPLIST_KEY_UIApplicationSceneManifest_Generation = YES;
				INFOPLIST_KEY_UIApplicationSupportsIndirectInputEvents = YES;
				INFOPLIST_KEY_UILaunchScreen_Generation = YES;
				INFOPLIST_KEY_UISupportedInterfaceOrientations_iPad = "UIInterfaceOrientationPortrait UIInterfaceOrientationPortraitUpsideDown UIInterfaceOrientationLandscapeLeft UIInterfaceOrientationLandscapeRight";
				INFOPLIST_KEY_UISupportedInterfaceOrientations_iPhone = "UIInterfaceOrientationPortrait UIInterfaceOrientationLandscapeLeft UIInterfaceOrientationLandscapeRight";
				LD_RUNPATH_SEARCH_PATHS = (
					"$(inherited)",
					"@executable_path/Frameworks",
				);
				MARKETING_VERSION = 1.0;
				PRODUCT_BUNDLE_IDENTIFIER = com.ebucelik.GetFact;
				PRODUCT_NAME = "$(TARGET_NAME)";
				SWIFT_EMIT_LOC_STRINGS = YES;
				SWIFT_VERSION = 5.0;
				TARGETED_DEVICE_FAMILY = "1,2";
			};
			name = Debug;
		};
		714A0A1329CE6D23003DC980 /* Release */ = {
			isa = XCBuildConfiguration;
			buildSettings = {
				ASSETCATALOG_COMPILER_APPICON_NAME = AppIcon;
				ASSETCATALOG_COMPILER_GLOBAL_ACCENT_COLOR_NAME = AccentColor;
				CODE_SIGN_STYLE = Automatic;
				CURRENT_PROJECT_VERSION = 1;
				DEVELOPMENT_ASSET_PATHS = "\"GetFact/Preview Content\"";
				DEVELOPMENT_TEAM = 7UZH6B548Y;
				ENABLE_PREVIEWS = YES;
				GENERATE_INFOPLIST_FILE = YES;
				INFOPLIST_KEY_UIApplicationSceneManifest_Generation = YES;
				INFOPLIST_KEY_UIApplicationSupportsIndirectInputEvents = YES;
				INFOPLIST_KEY_UILaunchScreen_Generation = YES;
				INFOPLIST_KEY_UISupportedInterfaceOrientations_iPad = "UIInterfaceOrientationPortrait UIInterfaceOrientationPortraitUpsideDown UIInterfaceOrientationLandscapeLeft UIInterfaceOrientationLandscapeRight";
				INFOPLIST_KEY_UISupportedInterfaceOrientations_iPhone = "UIInterfaceOrientationPortrait UIInterfaceOrientationLandscapeLeft UIInterfaceOrientationLandscapeRight";
				LD_RUNPATH_SEARCH_PATHS = (
					"$(inherited)",
					"@executable_path/Frameworks",
				);
				MARKETING_VERSION = 1.0;
				PRODUCT_BUNDLE_IDENTIFIER = com.ebucelik.GetFact;
				PRODUCT_NAME = "$(TARGET_NAME)";
				SWIFT_EMIT_LOC_STRINGS = YES;
				SWIFT_VERSION = 5.0;
				TARGETED_DEVICE_FAMILY = "1,2";
			};
			name = Release;
		};
/* End XCBuildConfiguration section */

/* Begin XCConfigurationList section */
		714A09FE29CE6D22003DC980 /* Build configuration list for PBXProject "GetFact" */ = {
			isa = XCConfigurationList;
			buildConfigurations = (
				714A0A0F29CE6D23003DC980 /* Debug */,
				714A0A1029CE6D23003DC980 /* Release */,
			);
			defaultConfigurationIsVisible = 0;
			defaultConfigurationName = Release;
		};
		714A0A1129CE6D23003DC980 /* Build configuration list for PBXNativeTarget "GetFact" */ = {
			isa = XCConfigurationList;
			buildConfigurations = (
				714A0A1229CE6D23003DC980 /* Debug */,
				714A0A1329CE6D23003DC980 /* Release */,
			);
			defaultConfigurationIsVisible = 0;
			defaultConfigurationName = Release;
		};
/* End XCConfigurationList section */
	};
	rootObject = 714A09FB29CE6D22003DC980 /* Project object */;
}
